
Microsoft Visual Studio Solution File, Format Version 12.00
# Visual Studio Version 17
VisualStudioVersion = 17.2.32519.379
MinimumVisualStudioVersion = 10.0.40219.1
Project("{FAE04EC0-301F-11D3-BF4B-00C04F79EFBC}") = "Atmira.Asteroids.Api", "Atmira.Asteroids\Atmira.Asteroids.Api.csproj", "{600EB384-640A-4E29-8F69-60EEFBC20535}"
EndProject
Project("{2150E333-8FDC-42A3-9474-1A3956D46DE8}") = "Backend", "Backend", "{0FBF6647-5E5C-440A-AF27-F699428B9FEC}"
EndProject
Project("{2150E333-8FDC-42A3-9474-1A3956D46DE8}") = "Frontend", "Frontend", "{25C389B8-2DC4-4B3C-99B4-A22FF69B7E7F}"
EndProject
Project("{FAE04EC0-301F-11D3-BF4B-00C04F79EFBC}") = "Atmira.Asteroids.Model", "Atmira.Asteroids.Model\Atmira.Asteroids.Model.csproj", "{DAA6C48B-6948-42C1-8B43-545081C29B9F}"
EndProject
Project("{FAE04EC0-301F-11D3-BF4B-00C04F79EFBC}") = "Atmira.Asteroids.Core", "Atmira.Asteroids.Core\Atmira.Asteroids.Core.csproj", "{0F5DCE1A-8D82-415C-8FC7-C72DD1E13A84}"
EndProject
Project("{FAE04EC0-301F-11D3-BF4B-00C04F79EFBC}") = "Atmira.Asteroids.Web", "Atmira.Asteroids.Web\Atmira.Asteroids.Web.csproj", "{22C60576-66CE-4500-87E4-711431185136}"
EndProject
Global
	GlobalSection(SolutionConfigurationPlatforms) = preSolution
		Debug|Any CPU = Debug|Any CPU
		Release|Any CPU = Release|Any CPU
	EndGlobalSection
	GlobalSection(ProjectConfigurationPlatforms) = postSolution
		{600EB384-640A-4E29-8F69-60EEFBC20535}.Debug|Any CPU.ActiveCfg = Debug|Any CPU
		{600EB384-640A-4E29-8F69-60EEFBC20535}.Debug|Any CPU.Build.0 = Debug|Any CPU
		{600EB384-640A-4E29-8F69-60EEFBC20535}.Release|Any CPU.ActiveCfg = Release|Any CPU
		{600EB384-640A-4E29-8F69-60EEFBC20535}.Release|Any CPU.Build.0 = Release|Any CPU
		{DAA6C48B-6948-42C1-8B43-545081C29B9F}.Debug|Any CPU.ActiveCfg = Debug|Any CPU
		{DAA6C48B-6948-42C1-8B43-545081C29B9F}.Debug|Any CPU.Build.0 = Debug|Any CPU
		{DAA6C48B-6948-42C1-8B43-545081C29B9F}.Release|Any CPU.ActiveCfg = Release|Any CPU
		{DAA6C48B-6948-42C1-8B43-545081C29B9F}.Release|Any CPU.Build.0 = Release|Any CPU
		{0F5DCE1A-8D82-415C-8FC7-C72DD1E13A84}.Debug|Any CPU.ActiveCfg = Debug|Any CPU
		{0F5DCE1A-8D82-415C-8FC7-C72DD1E13A84}.Debug|Any CPU.Build.0 = Debug|Any CPU
		{0F5DCE1A-8D82-415C-8FC7-C72DD1E13A84}.Release|Any CPU.ActiveCfg = Release|Any CPU
		{0F5DCE1A-8D82-415C-8FC7-C72DD1E13A84}.Release|Any CPU.Build.0 = Release|Any CPU
		{22C60576-66CE-4500-87E4-711431185136}.Debug|Any CPU.ActiveCfg = Debug|Any CPU
		{22C60576-66CE-4500-87E4-711431185136}.Debug|Any CPU.Build.0 = Debug|Any CPU
		{22C60576-66CE-4500-87E4-711431185136}.Release|Any CPU.ActiveCfg = Release|Any CPU
		{22C60576-66CE-4500-87E4-711431185136}.Release|Any CPU.Build.0 = Release|Any CPU
	EndGlobalSection
	GlobalSection(SolutionProperties) = preSolution
		HideSolutionNode = FALSE
	EndGlobalSection
	GlobalSection(NestedProjects) = preSolution
		{600EB384-640A-4E29-8F69-60EEFBC20535} = {0FBF6647-5E5C-440A-AF27-F699428B9FEC}
		{DAA6C48B-6948-42C1-8B43-545081C29B9F} = {0FBF6647-5E5C-440A-AF27-F699428B9FEC}
		{0F5DCE1A-8D82-415C-8FC7-C72DD1E13A84} = {0FBF6647-5E5C-440A-AF27-F699428B9FEC}
		{22C60576-66CE-4500-87E4-711431185136} = {25C389B8-2DC4-4B3C-99B4-A22FF69B7E7F}
	EndGlobalSection
	GlobalSection(ExtensibilityGlobals) = postSolution
		SolutionGuid = {AF735C4E-4D11-401C-AA65-77ACD4D72BCC}
	EndGlobalSection
EndGlobal
